{
    "_readme": [
        "This file locks the dependencies of your project to a known state",
        "Read more about it at https://getcomposer.org/doc/01-basic-usage.md#installing-dependencies",
        "This file is @generated automatically"
    ],
    "content-hash": "e82a5c63c9885a912267740642e3f897",
    "packages": [
        {
            "name": "dibi/dibi",
            "version": "v3.2.3",
            "source": {
                "type": "git",
                "url": "https://github.com/dg/dibi.git",
                "reference": "906e1f240742124e49562cace271916e1b08c991"
            },
            "dist": {
                "type": "zip",
                "url": "https://api.github.com/repos/dg/dibi/zipball/906e1f240742124e49562cace271916e1b08c991",
                "reference": "906e1f240742124e49562cace271916e1b08c991",
                "shasum": ""
            },
            "require": {
                "php": ">=5.4.4"
            },
            "replace": {
                "dg/dibi": "*"
            },
            "require-dev": {
                "nette/tester": "~1.7",
                "tracy/tracy": "~2.2"
            },
            "type": "library",
            "extra": {
                "branch-alias": {
                    "dev-master": "3.2-dev"
                }
            },
            "autoload": {
                "classmap": [
                    "src/"
                ],
                "files": [
                    "src/loader.php"
                ]
            },
            "notification-url": "https://packagist.org/downloads/",
            "license": [
                "BSD-3-Clause",
                "GPL-2.0",
                "GPL-3.0"
            ],
            "authors": [
                {
                    "name": "David Grudl",
                    "homepage": "https://davidgrudl.com"
                }
            ],
            "description": "Dibi is Database Abstraction Library for PHP",
            "homepage": "https://dibiphp.com",
            "keywords": [
                "access",
                "database",
                "dbal",
                "mssql",
                "mysql",
                "odbc",
                "oracle",
                "pdo",
                "postgresql",
                "sqlite",
                "sqlsrv"
            ],
            "time": "2018-09-17T11:47:10+00:00"
        },
        {
            "name": "tracy/tracy",
            "version": "v2.5.8",
            "source": {
                "type": "git",
                "url": "https://github.com/nette/tracy.git",
                "reference": "3c874946fc403f728af9118cd602cac56bd493d3"
            },
            "dist": {
                "type": "zip",
                "url": "https://api.github.com/repos/nette/tracy/zipball/3c874946fc403f728af9118cd602cac56bd493d3",
                "reference": "3c874946fc403f728af9118cd602cac56bd493d3",
                "shasum": ""
            },
            "require": {
                "ext-json": "*",
                "ext-session": "*",
                "php": ">=5.4.4"
            },
            "require-dev": {
                "nette/di": "~2.3 || ~3.0.0",
                "nette/tester": "~1.7 || ~2.0",
                "nette/utils": "~2.3"
            },
            "suggest": {
                "https://nette.org/donate": "Please support Tracy via a donation"
            },
            "type": "library",
            "extra": {
                "branch-alias": {
                    "dev-master": "2.5-dev"
                }
            },
            "autoload": {
                "classmap": [
                    "src"
                ],
                "files": [
                    "src/shortcuts.php"
                ]
            },
            "notification-url": "https://packagist.org/downloads/",
            "license": [
                "BSD-3-Clause"
            ],
            "authors": [
                {
                    "name": "David Grudl",
                    "homepage": "https://davidgrudl.com"
                },
                {
                    "name": "Nette Community",
                    "homepage": "https://nette.org/contributors"
                }
            ],
            "description": "? Tracy: the addictive tool to ease debugging PHP code for cool developers. Friendly design, logging, profiler, advanced features like debugging AJAX calls or CLI support. You will love it.",
            "homepage": "https://tracy.nette.org",
            "keywords": [
                "Xdebug",
                "debug",
                "debugger",
                "nette",
                "profiler"
            ],
            "time": "2019-03-21T15:06:29+00:00"
        }
    ],
    "packages-dev": [],
    "aliases": [],
    "minimum-stability": "stable",
    "stability-flags": [],
    "prefer-stable": false,
    "prefer-lowest": false,
    "platform": [],
    "platform-dev": []
}
