{
    "_readme": [
        "This file locks the dependencies of your project to a known state",
        "Read more about it at https://getcomposer.org/doc/01-basic-usage.md#installing-dependencies",
        "This file is @generated automatically"
    ],
    "content-hash": "3b4f6c7bfdae633c3f4db42dc2d3ffaa",
    "packages": [
        {
            "name": "dibi/dibi",
            "version": "v3.2.4",
            "source": {
                "type": "git",
                "url": "https://github.com/dg/dibi.git",
                "reference": "d571460a6f8fa1334a04f7aaa1551bb0f12c2266"
            },
            "dist": {
                "type": "zip",
                "url": "https://api.github.com/repos/dg/dibi/zipball/d571460a6f8fa1334a04f7aaa1551bb0f12c2266",
                "reference": "d571460a6f8fa1334a04f7aaa1551bb0f12c2266",
                "shasum": ""
            },
            "require": {
                "php": ">=5.4.4"
            },
            "replace": {
                "dg/dibi": "*"
            },
            "require-dev": {
                "nette/tester": "~1.7",
                "tracy/tracy": "~2.2"
            },
            "type": "library",
            "extra": {
                "branch-alias": {
                    "dev-master": "3.2-dev"
                }
            },
            "autoload": {
                "classmap": [
                    "src/"
                ],
                "files": [
                    "src/loader.php"
                ]
            },
            "notification-url": "https://packagist.org/downloads/",
            "license": [
                "BSD-3-Clause",
                "GPL-2.0",
                "GPL-3.0"
            ],
            "authors": [
                {
                    "name": "David Grudl",
                    "homepage": "https://davidgrudl.com"
                }
            ],
            "description": "Dibi is Database Abstraction Library for PHP",
            "homepage": "https://dibiphp.com",
            "keywords": [
                "access",
                "database",
                "dbal",
                "mssql",
                "mysql",
                "odbc",
                "oracle",
                "pdo",
                "postgresql",
                "sqlite",
                "sqlsrv"
            ],
            "support": {
                "issues": "https://github.com/dg/dibi/issues",
                "source": "https://github.com/dg/dibi/tree/v3.2.4"
            },
            "time": "2020-03-26T03:05:01+00:00"
        },
        {
            "name": "ifsnop/mysqldump-php",
            "version": "v2.9",
            "source": {
                "type": "git",
                "url": "https://github.com/ifsnop/mysqldump-php.git",
                "reference": "fc9c119fe5d70af9a685cad6a8ac612fd7589e25"
            },
            "dist": {
                "type": "zip",
                "url": "https://api.github.com/repos/ifsnop/mysqldump-php/zipball/fc9c119fe5d70af9a685cad6a8ac612fd7589e25",
                "reference": "fc9c119fe5d70af9a685cad6a8ac612fd7589e25",
                "shasum": ""
            },
            "require": {
                "php": ">=5.3.0"
            },
            "require-dev": {
                "phpunit/phpunit": "4.8.36",
                "squizlabs/php_codesniffer": "1.*"
            },
            "type": "library",
            "autoload": {
                "psr-4": {
                    "Ifsnop\\": "src/Ifsnop/"
                }
            },
            "notification-url": "https://packagist.org/downloads/",
            "license": [
                "GPL-3.0-or-later"
            ],
            "authors": [
                {
                    "name": "Diego Torres",
                    "homepage": "https://github.com/ifsnop",
                    "role": "Developer"
                }
            ],
            "description": "PHP version of mysqldump cli that comes with MySQL",
            "homepage": "https://github.com/ifsnop/mysqldump-php",
            "keywords": [
                "PHP7",
                "database",
                "hhvm",
                "mariadb",
                "mysql",
                "mysql-backup",
                "mysqldump",
                "pdo",
                "php",
                "php5",
                "sql"
            ],
            "support": {
                "issues": "https://github.com/ifsnop/mysqldump-php/issues",
                "source": "https://github.com/ifsnop/mysqldump-php/tree/master"
            },
            "time": "2020-04-03T14:40:40+00:00"
        },
        {
            "name": "latte/latte",
            "version": "v2.10.3",
            "source": {
                "type": "git",
                "url": "https://github.com/nette/latte.git",
                "reference": "dd2c58863e830c22a2c6b85af63f37b829d255df"
            },
            "dist": {
                "type": "zip",
                "url": "https://api.github.com/repos/nette/latte/zipball/dd2c58863e830c22a2c6b85af63f37b829d255df",
                "reference": "dd2c58863e830c22a2c6b85af63f37b829d255df",
                "shasum": ""
            },
            "require": {
                "ext-json": "*",
                "ext-tokenizer": "*",
                "php": ">=7.1 <8.1"
            },
            "conflict": {
                "nette/application": "<2.4.1"
            },
            "require-dev": {
                "nette/php-generator": "^3.3.4",
                "nette/tester": "~2.0",
                "nette/utils": "^3.0",
                "phpstan/phpstan": "^0.12",
                "tracy/tracy": "^2.3"
            },
            "suggest": {
                "ext-fileinfo": "to use filter |datastream",
                "ext-iconv": "to use filters |reverse, |substring",
                "ext-mbstring": "to use filters like lower, upper, capitalize, ...",
                "nette/php-generator": "to use tag {templatePrint}",
                "nette/utils": "to use filter |webalize"
            },
            "type": "library",
            "extra": {
                "branch-alias": {
                    "dev-master": "2.10-dev"
                }
            },
            "autoload": {
                "classmap": [
                    "src/"
                ]
            },
            "notification-url": "https://packagist.org/downloads/",
            "license": [
                "BSD-3-Clause",
                "GPL-2.0-only",
                "GPL-3.0-only"
            ],
            "authors": [
                {
                    "name": "David Grudl",
                    "homepage": "https://davidgrudl.com"
                },
                {
                    "name": "Nette Community",
                    "homepage": "https://nette.org/contributors"
                }
            ],
            "description": "☕ Latte: the intuitive and fast template engine for those who want the most secure PHP sites. Introduces context-sensitive escaping.",
            "homepage": "https://latte.nette.org",
            "keywords": [
                "context-sensitive",
                "engine",
                "escaping",
                "html",
                "nette",
                "security",
                "template",
                "twig"
            ],
            "support": {
                "issues": "https://github.com/nette/latte/issues",
                "source": "https://github.com/nette/latte/tree/v2.10.3"
            },
            "time": "2021-02-22T11:17:13+00:00"
        },
        {
            "name": "nette/bootstrap",
            "version": "v2.4.6",
            "source": {
                "type": "git",
                "url": "https://github.com/nette/bootstrap.git",
                "reference": "268816e3f1bb7426c3a4ceec2bd38a036b532543"
            },
            "dist": {
                "type": "zip",
                "url": "https://api.github.com/repos/nette/bootstrap/zipball/268816e3f1bb7426c3a4ceec2bd38a036b532543",
                "reference": "268816e3f1bb7426c3a4ceec2bd38a036b532543",
                "shasum": ""
            },
            "require": {
                "nette/di": "~2.4.7",
                "nette/utils": "~2.4",
                "php": ">=5.6.0"
            },
            "conflict": {
                "nette/nette": "<2.2"
            },
            "require-dev": {
                "latte/latte": "~2.2",
                "nette/application": "~2.3",
                "nette/caching": "~2.3",
                "nette/database": "~2.3",
                "nette/forms": "~2.3",
                "nette/http": "~2.4.0",
                "nette/mail": "~2.3",
                "nette/robot-loader": "^2.4.2 || ^3.0",
                "nette/safe-stream": "~2.2",
                "nette/security": "~2.3",
                "nette/tester": "~2.0",
                "tracy/tracy": "^2.4.1"
            },
            "suggest": {
                "nette/robot-loader": "to use Configurator::createRobotLoader()",
                "tracy/tracy": "to use Configurator::enableTracy()"
            },
            "type": "library",
            "extra": {
                "branch-alias": {
                    "dev-master": "2.4-dev"
                }
            },
            "autoload": {
                "classmap": [
                    "src/"
                ]
            },
            "notification-url": "https://packagist.org/downloads/",
            "license": [
                "BSD-3-Clause",
                "GPL-2.0",
                "GPL-3.0"
            ],
            "authors": [
                {
                    "name": "David Grudl",
                    "homepage": "https://davidgrudl.com"
                },
                {
                    "name": "Nette Community",
                    "homepage": "https://nette.org/contributors"
                }
            ],
            "description": "? Nette Bootstrap: the simple way to configure and bootstrap your Nette application.",
            "homepage": "https://nette.org",
            "keywords": [
                "bootstrapping",
                "configurator",
                "nette"
            ],
            "support": {
                "issues": "https://github.com/nette/bootstrap/issues",
                "source": "https://github.com/nette/bootstrap/tree/v2.4"
            },
            "time": "2018-05-17T12:52:20+00:00"
        },
        {
            "name": "nette/caching",
            "version": "v2.5.9",
            "source": {
                "type": "git",
                "url": "https://github.com/nette/caching.git",
                "reference": "d93ef446836a5a0ff7ef78d5ffebb7fe043f9953"
            },
            "dist": {
                "type": "zip",
                "url": "https://api.github.com/repos/nette/caching/zipball/d93ef446836a5a0ff7ef78d5ffebb7fe043f9953",
                "reference": "d93ef446836a5a0ff7ef78d5ffebb7fe043f9953",
                "shasum": ""
            },
            "require": {
                "nette/finder": "^2.2 || ~3.0.0",
                "nette/utils": "^2.4 || ~3.0.0",
                "php": ">=5.6.0"
            },
            "conflict": {
                "nette/nette": "<2.2"
            },
            "require-dev": {
                "latte/latte": "^2.4",
                "nette/di": "^2.4 || ~3.0.0",
                "nette/tester": "^2.0",
                "tracy/tracy": "^2.4"
            },
            "suggest": {
                "ext-pdo_sqlite": "to use SQLiteStorage or SQLiteJournal"
            },
            "type": "library",
            "extra": {
                "branch-alias": {
                    "dev-master": "2.5-dev"
                }
            },
            "autoload": {
                "classmap": [
                    "src/"
                ]
            },
            "notification-url": "https://packagist.org/downloads/",
            "license": [
                "BSD-3-Clause",
                "GPL-2.0",
                "GPL-3.0"
            ],
            "authors": [
                {
                    "name": "David Grudl",
                    "homepage": "https://davidgrudl.com"
                },
                {
                    "name": "Nette Community",
                    "homepage": "https://nette.org/contributors"
                }
            ],
            "description": "⏱ Nette Caching: library with easy-to-use API and many cache backends.",
            "homepage": "https://nette.org",
            "keywords": [
                "cache",
                "journal",
                "memcached",
                "nette",
                "sqlite"
            ],
            "support": {
                "issues": "https://github.com/nette/caching/issues",
                "source": "https://github.com/nette/caching/tree/v2.5.9"
            },
            "time": "2019-11-19T18:38:13+00:00"
        },
        {
            "name": "nette/di",
            "version": "v2.4.17",
            "source": {
                "type": "git",
                "url": "https://github.com/nette/di.git",
                "reference": "aa25fa3dfcb0fc40af8da1f2495af75b63b5db1d"
            },
            "dist": {
                "type": "zip",
                "url": "https://api.github.com/repos/nette/di/zipball/aa25fa3dfcb0fc40af8da1f2495af75b63b5db1d",
                "reference": "aa25fa3dfcb0fc40af8da1f2495af75b63b5db1d",
                "shasum": ""
            },
            "require": {
                "ext-tokenizer": "*",
                "nette/neon": "^2.3.3 || ~3.0.0",
                "nette/php-generator": "^2.6.1 || ^3.0.0",
                "nette/utils": "^2.5.0 || ~3.0.0",
                "php": ">=5.6 <8.1"
            },
            "conflict": {
                "nette/bootstrap": "<2.4",
                "nette/nette": "<2.2"
            },
            "require-dev": {
                "nette/tester": "^2.0",
                "tracy/tracy": "^2.3"
            },
            "type": "library",
            "extra": {
                "branch-alias": {
                    "dev-master": "2.4-dev"
                }
            },
            "autoload": {
                "classmap": [
                    "src/"
                ]
            },
            "notification-url": "https://packagist.org/downloads/",
            "license": [
                "BSD-3-Clause",
                "GPL-2.0",
                "GPL-3.0"
            ],
            "authors": [
                {
                    "name": "David Grudl",
                    "homepage": "https://davidgrudl.com"
                },
                {
                    "name": "Nette Community",
                    "homepage": "https://nette.org/contributors"
                }
            ],
            "description": "💎 Nette Dependency Injection Container: Flexible, compiled and full-featured DIC with perfectly usable autowiring and support for all new PHP 7.1 features.",
            "homepage": "https://nette.org",
            "keywords": [
                "compiled",
                "di",
                "dic",
                "factory",
                "ioc",
                "nette",
                "static"
            ],
            "support": {
                "issues": "https://github.com/nette/di/issues",
                "source": "https://github.com/nette/di/tree/v2.4.17"
            },
            "time": "2020-11-06T00:28:18+00:00"
        },
        {
            "name": "nette/finder",
            "version": "v2.5.2",
            "source": {
                "type": "git",
                "url": "https://github.com/nette/finder.git",
                "reference": "4ad2c298eb8c687dd0e74ae84206a4186eeaed50"
            },
            "dist": {
                "type": "zip",
                "url": "https://api.github.com/repos/nette/finder/zipball/4ad2c298eb8c687dd0e74ae84206a4186eeaed50",
                "reference": "4ad2c298eb8c687dd0e74ae84206a4186eeaed50",
                "shasum": ""
            },
            "require": {
                "nette/utils": "^2.4 || ^3.0",
                "php": ">=7.1"
            },
            "conflict": {
                "nette/nette": "<2.2"
            },
            "require-dev": {
                "nette/tester": "^2.0",
                "phpstan/phpstan": "^0.12",
                "tracy/tracy": "^2.3"
            },
            "type": "library",
            "extra": {
                "branch-alias": {
                    "dev-master": "2.5-dev"
                }
            },
            "autoload": {
                "classmap": [
                    "src/"
                ]
            },
            "notification-url": "https://packagist.org/downloads/",
            "license": [
                "BSD-3-Clause",
                "GPL-2.0",
                "GPL-3.0"
            ],
            "authors": [
                {
                    "name": "David Grudl",
                    "homepage": "https://davidgrudl.com"
                },
                {
                    "name": "Nette Community",
                    "homepage": "https://nette.org/contributors"
                }
            ],
            "description": "🔍 Nette Finder: find files and directories with an intuitive API.",
            "homepage": "https://nette.org",
            "keywords": [
                "filesystem",
                "glob",
                "iterator",
                "nette"
            ],
            "support": {
                "issues": "https://github.com/nette/finder/issues",
                "source": "https://github.com/nette/finder/tree/v2.5.2"
            },
            "time": "2020-01-03T20:35:40+00:00"
        },
        {
            "name": "nette/http",
            "version": "v2.4.12",
            "source": {
                "type": "git",
                "url": "https://github.com/nette/http.git",
                "reference": "a5adfb1746f1d21d75e8b77f84a3d7f84977dcb6"
            },
            "dist": {
                "type": "zip",
                "url": "https://api.github.com/repos/nette/http/zipball/a5adfb1746f1d21d75e8b77f84a3d7f84977dcb6",
                "reference": "a5adfb1746f1d21d75e8b77f84a3d7f84977dcb6",
                "shasum": ""
            },
            "require": {
                "nette/utils": "^2.4 || ~3.0.0",
                "php": ">=5.6 <8.1"
            },
            "conflict": {
                "nette/nette": "<2.2"
            },
            "require-dev": {
                "nette/di": "^2.4.8 || ~3.0.0",
                "nette/tester": "^2.0",
                "tracy/tracy": "^2.4"
            },
            "suggest": {
                "ext-fileinfo": "to detect type of uploaded files",
                "nette/security": "allows use Nette\\Http\\UserStorage"
            },
            "type": "library",
            "extra": {
                "branch-alias": {
                    "dev-master": "2.4-dev"
                }
            },
            "autoload": {
                "classmap": [
                    "src/"
                ]
            },
            "notification-url": "https://packagist.org/downloads/",
            "license": [
                "BSD-3-Clause",
                "GPL-2.0",
                "GPL-3.0"
            ],
            "authors": [
                {
                    "name": "David Grudl",
                    "homepage": "https://davidgrudl.com"
                },
                {
                    "name": "Nette Community",
                    "homepage": "https://nette.org/contributors"
                }
            ],
            "description": "🌐 Nette Http: abstraction for HTTP request, response and session. Provides careful data sanitization and utility for URL and cookies manipulation.",
            "homepage": "https://nette.org",
            "keywords": [
                "cookies",
                "http",
                "nette",
                "proxy",
                "request",
                "response",
                "security",
                "session",
                "url"
            ],
            "support": {
                "issues": "https://github.com/nette/http/issues",
                "source": "https://github.com/nette/http/tree/v2.4.12"
            },
            "time": "2020-11-06T00:17:53+00:00"
        },
        {
            "name": "nette/mail",
            "version": "v2.4.6",
            "source": {
                "type": "git",
                "url": "https://github.com/nette/mail.git",
                "reference": "431f1774034cc14ee6a795b6514fe6343f75a68e"
            },
            "dist": {
                "type": "zip",
                "url": "https://api.github.com/repos/nette/mail/zipball/431f1774034cc14ee6a795b6514fe6343f75a68e",
                "reference": "431f1774034cc14ee6a795b6514fe6343f75a68e",
                "shasum": ""
            },
            "require": {
                "ext-iconv": "*",
                "nette/utils": "^2.4 || ~3.0.0",
                "php": ">=5.6.0"
            },
            "conflict": {
                "nette/nette": "<2.2"
            },
            "require-dev": {
                "nette/di": "^2.4 || ~3.0.0",
                "nette/tester": "^2.0",
                "tracy/tracy": "^2.4"
            },
            "suggest": {
                "ext-fileinfo": "to detect type of attached files"
            },
            "type": "library",
            "extra": {
                "branch-alias": {
                    "dev-master": "2.4-dev"
                }
            },
            "autoload": {
                "classmap": [
                    "src/"
                ]
            },
            "notification-url": "https://packagist.org/downloads/",
            "license": [
                "BSD-3-Clause",
                "GPL-2.0",
                "GPL-3.0"
            ],
            "authors": [
                {
                    "name": "David Grudl",
                    "homepage": "https://davidgrudl.com"
                },
                {
                    "name": "Nette Community",
                    "homepage": "https://nette.org/contributors"
                }
            ],
            "description": "? Nette Mail: handy email creation and transfer library for PHP with both text and MIME-compliant support.",
            "homepage": "https://nette.org",
            "keywords": [
                "mail",
                "mailer",
                "mime",
                "nette",
                "smtp"
            ],
            "support": {
                "issues": "https://github.com/nette/mail/issues",
                "source": "https://github.com/nette/mail/tree/v2.4"
            },
            "time": "2018-11-21T22:35:13+00:00"
        },
        {
            "name": "nette/neon",
            "version": "v3.0.1",
            "source": {
                "type": "git",
                "url": "https://github.com/nette/neon.git",
                "reference": "5674a266495125d43d9fb58d6663b98bd827fa81"
            },
            "dist": {
                "type": "zip",
                "url": "https://api.github.com/repos/nette/neon/zipball/5674a266495125d43d9fb58d6663b98bd827fa81",
                "reference": "5674a266495125d43d9fb58d6663b98bd827fa81",
                "shasum": ""
            },
            "require": {
                "ext-iconv": "*",
                "ext-json": "*",
                "php": ">=7.0"
            },
            "require-dev": {
                "nette/tester": "^2.0",
                "tracy/tracy": "^2.3"
            },
            "type": "library",
            "extra": {
                "branch-alias": {
                    "dev-master": "3.0-dev"
                }
            },
            "autoload": {
                "classmap": [
                    "src/"
                ]
            },
            "notification-url": "https://packagist.org/downloads/",
            "license": [
                "BSD-3-Clause",
                "GPL-2.0",
                "GPL-3.0"
            ],
            "authors": [
                {
                    "name": "David Grudl",
                    "homepage": "https://davidgrudl.com"
                },
                {
                    "name": "Nette Community",
                    "homepage": "https://nette.org/contributors"
                }
            ],
            "description": "🍸 Nette NEON: encodes and decodes NEON file format.",
            "homepage": "https://ne-on.org",
            "keywords": [
                "export",
                "import",
                "neon",
                "nette",
                "yaml"
            ],
            "support": {
                "issues": "https://github.com/nette/neon/issues",
                "source": "https://github.com/nette/neon/tree/v3.0.1"
            },
            "time": "2020-03-04T11:45:23+00:00"
        },
        {
            "name": "nette/php-generator",
            "version": "v2.6.4",
            "source": {
                "type": "git",
                "url": "https://github.com/nette/php-generator.git",
                "reference": "c1f6b2163c5471c4d94cd94b93362f12bceef183"
            },
            "dist": {
                "type": "zip",
                "url": "https://api.github.com/repos/nette/php-generator/zipball/c1f6b2163c5471c4d94cd94b93362f12bceef183",
                "reference": "c1f6b2163c5471c4d94cd94b93362f12bceef183",
                "shasum": ""
            },
            "require": {
                "nette/utils": "^2.4.2 || ~3.0.0",
                "php": ">=5.6.0"
            },
            "conflict": {
                "nette/nette": "<2.2"
            },
            "require-dev": {
                "nette/tester": "^2.0",
                "tracy/tracy": "^2.3"
            },
            "type": "library",
            "extra": {
                "branch-alias": {
                    "dev-master": "2.6-dev"
                }
            },
            "autoload": {
                "classmap": [
                    "src/"
                ]
            },
            "notification-url": "https://packagist.org/downloads/",
            "license": [
                "BSD-3-Clause",
                "GPL-2.0",
                "GPL-3.0"
            ],
            "authors": [
                {
                    "name": "David Grudl",
                    "homepage": "https://davidgrudl.com"
                },
                {
                    "name": "Nette Community",
                    "homepage": "https://nette.org/contributors"
                }
            ],
            "description": "? Nette PHP Generator: generates neat PHP code for you. Supports new PHP 7.1 features.",
            "homepage": "https://nette.org",
            "keywords": [
                "code",
                "nette",
                "php",
                "scaffolding"
            ],
            "support": {
                "issues": "https://github.com/nette/php-generator/issues",
                "source": "https://github.com/nette/php-generator/tree/v2.6.4"
            },
            "time": "2018-04-26T16:47:39+00:00"
        },
        {
            "name": "nette/robot-loader",
            "version": "v3.1.2",
            "source": {
                "type": "git",
                "url": "https://github.com/nette/robot-loader.git",
                "reference": "6f9cea738178dbb1b5fba6387a715b0da1a4e0d4"
            },
            "dist": {
                "type": "zip",
                "url": "https://api.github.com/repos/nette/robot-loader/zipball/6f9cea738178dbb1b5fba6387a715b0da1a4e0d4",
                "reference": "6f9cea738178dbb1b5fba6387a715b0da1a4e0d4",
                "shasum": ""
            },
            "require": {
                "ext-tokenizer": "*",
                "nette/finder": "^2.3 || ^3.0",
                "nette/utils": "^2.4 || ^3.0",
                "php": ">=5.6 <8.1"
            },
            "conflict": {
                "nette/nette": "<2.2"
            },
            "require-dev": {
                "nette/tester": "^2.0",
                "tracy/tracy": "^2.3"
            },
            "type": "library",
            "extra": {
                "branch-alias": {
                    "dev-master": "3.1-dev"
                }
            },
            "autoload": {
                "classmap": [
                    "src/"
                ]
            },
            "notification-url": "https://packagist.org/downloads/",
            "license": [
                "BSD-3-Clause",
                "GPL-2.0",
                "GPL-3.0"
            ],
            "authors": [
                {
                    "name": "David Grudl",
                    "homepage": "https://davidgrudl.com"
                },
                {
                    "name": "Nette Community",
                    "homepage": "https://nette.org/contributors"
                }
            ],
            "description": "🍀 Nette RobotLoader: high performance and comfortable autoloader that will search and autoload classes within your application.",
            "homepage": "https://nette.org",
            "keywords": [
                "autoload",
                "class",
                "interface",
                "nette",
                "trait"
            ],
            "support": {
                "issues": "https://github.com/nette/robot-loader/issues",
                "source": "https://github.com/nette/robot-loader/tree/v3.1.2"
            },
            "time": "2020-11-06T00:02:37+00:00"
        },
        {
            "name": "nette/utils",
            "version": "v2.5.7",
            "source": {
                "type": "git",
                "url": "https://github.com/nette/utils.git",
                "reference": "d272f87cd6491377231702b1ccd920b6e981b713"
            },
            "dist": {
                "type": "zip",
                "url": "https://api.github.com/repos/nette/utils/zipball/d272f87cd6491377231702b1ccd920b6e981b713",
                "reference": "d272f87cd6491377231702b1ccd920b6e981b713",
                "shasum": ""
            },
            "require": {
                "php": ">=5.6.0"
            },
            "conflict": {
                "nette/nette": "<2.2"
            },
            "require-dev": {
                "nette/tester": "~2.0",
                "tracy/tracy": "^2.3"
            },
            "suggest": {
                "ext-gd": "to use Image",
                "ext-iconv": "to use Strings::webalize() and toAscii()",
                "ext-intl": "for script transliteration in Strings::webalize() and toAscii()",
                "ext-json": "to use Nette\\Utils\\Json",
                "ext-mbstring": "to use Strings::lower() etc...",
                "ext-xml": "to use Strings::length() etc. when mbstring is not available"
            },
            "type": "library",
            "extra": {
                "branch-alias": {
                    "dev-master": "2.5-dev"
                }
            },
            "autoload": {
                "classmap": [
                    "src/"
                ],
                "files": [
                    "src/loader.php"
                ]
            },
            "notification-url": "https://packagist.org/downloads/",
            "license": [
                "BSD-3-Clause",
                "GPL-2.0",
                "GPL-3.0"
            ],
            "authors": [
                {
                    "name": "David Grudl",
                    "homepage": "https://davidgrudl.com"
                },
                {
                    "name": "Nette Community",
                    "homepage": "https://nette.org/contributors"
                }
            ],
            "description": "🛠 Nette Utils: lightweight utilities for string & array manipulation, image handling, safe JSON encoding/decoding, validation, slug or strong password generating etc.",
            "homepage": "https://nette.org",
            "keywords": [
                "array",
                "core",
                "datetime",
                "images",
                "json",
                "nette",
                "paginator",
                "password",
                "slugify",
                "string",
                "unicode",
                "utf-8",
                "utility",
                "validation"
            ],
            "support": {
                "issues": "https://github.com/nette/utils/issues",
                "source": "https://github.com/nette/utils/tree/v2.5.7"
            },
            "time": "2020-12-13T14:12:17+00:00"
        },
        {
            "name": "tracy/tracy",
            "version": "v2.6.8",
            "source": {
                "type": "git",
                "url": "https://github.com/nette/tracy.git",
                "reference": "d3bb9f43692df5e3b83ab8004d3e6208034ac0ca"
            },
            "dist": {
                "type": "zip",
                "url": "https://api.github.com/repos/nette/tracy/zipball/d3bb9f43692df5e3b83ab8004d3e6208034ac0ca",
                "reference": "d3bb9f43692df5e3b83ab8004d3e6208034ac0ca",
                "shasum": ""
            },
            "require": {
                "ext-json": "*",
                "ext-session": "*",
                "php": ">=7.1"
            },
            "require-dev": {
                "nette/di": "^2.4 || ~3.0.0",
                "nette/tester": "^2.2",
                "nette/utils": "^2.4 || ^3.0",
                "psr/log": "^1.0"
            },
            "suggest": {
                "https://nette.org/donate": "Please support Tracy via a donation"
            },
            "type": "library",
            "extra": {
                "branch-alias": {
                    "dev-master": "2.6-dev"
                }
            },
            "autoload": {
                "classmap": [
                    "src"
                ],
                "files": [
                    "src/Tracy/shortcuts.php"
                ]
            },
            "notification-url": "https://packagist.org/downloads/",
            "license": [
                "BSD-3-Clause"
            ],
            "authors": [
                {
                    "name": "David Grudl",
                    "homepage": "https://davidgrudl.com"
                },
                {
                    "name": "Nette Community",
                    "homepage": "https://nette.org/contributors"
                }
            ],
            "description": "😎 Tracy: the addictive tool to ease debugging PHP code for cool developers. Friendly design, logging, profiler, advanced features like debugging AJAX calls or CLI support. You will love it.",
            "homepage": "https://tracy.nette.org",
            "keywords": [
                "Xdebug",
                "debug",
                "debugger",
                "nette",
                "profiler"
            ],
            "support": {
                "issues": "https://github.com/nette/tracy/issues",
                "source": "https://github.com/nette/tracy/tree/v2.6.8"
            },
            "time": "2020-05-17T09:37:45+00:00"
        }
    ],
    "packages-dev": [],
    "aliases": [],
    "minimum-stability": "stable",
    "stability-flags": [],
    "prefer-stable": false,
    "prefer-lowest": false,
    "platform": {
        "php": ">= 8.0",
        "ext-mbstring": "*",
        "ext-pdo": "*"
    },
    "platform-dev": [],
    "plugin-api-version": "2.0.0"
}
